
Microsoft Visual Studio Solution File, Format Version 12.00
# Visual Studio Version 16
VisualStudioVersion = 16.0.29613.14
MinimumVisualStudioVersion = 10.0.40219.1
Project("{FAE04EC0-301F-11D3-BF4B-00C04F79EFBC}") = "Blog.Web", "Blog.Web\Blog.Web.csproj", "{AFB49546-1CEF-47B2-B051-42CD316055FE}"
EndProject
Global
	GlobalSection(SolutionConfigurationPlatforms) = preSolution
		Debug|Any CPU = Debug|Any CPU
		Release|Any CPU = Release|Any CPU
	EndGlobalSection
	GlobalSection(ProjectConfigurationPlatforms) = postSolution
		{AFB49546-1CEF-47B2-B051-42CD316055FE}.Debug|Any CPU.ActiveCfg = Debug|Any CPU
		{AFB49546-1CEF-47B2-B051-42CD316055FE}.Debug|Any CPU.Build.0 = Debug|Any CPU
		{AFB49546-1CEF-47B2-B051-42CD316055FE}.Release|Any CPU.ActiveCfg = Release|Any CPU
		{AFB49546-1CEF-47B2-B051-42CD316055FE}.Release|Any CPU.Build.0 = Release|Any CPU
	EndGlobalSection
	GlobalSection(SolutionProperties) = preSolution
		HideSolutionNode = FALSE
	EndGlobalSection
	GlobalSection(ExtensibilityGlobals) = postSolution
		SolutionGuid = {E002840F-8218-4A62-9120-539E63C2765A}
	EndGlobalSection
EndGlobal
